
Microsoft Visual Studio Solution File, Format Version 12.00
# Visual Studio Version 16
VisualStudioVersion = 16.0.31112.23
MinimumVisualStudioVersion = 10.0.40219.1
Project("{FAE04EC0-301F-11D3-BF4B-00C04F79EFBC}") = "ConsoleApp1", "ConsoleApp1.csproj", "{CAFD6100-E474-4AEA-8535-FDFB48A2EC52}"
EndProject
Global
	GlobalSection(SolutionConfigurationPlatforms) = preSolution
		Debug|Any CPU = Debug|Any CPU
		Release|Any CPU = Release|Any CPU
	EndGlobalSection
	GlobalSection(ProjectConfigurationPlatforms) = postSolution
		{CAFD6100-E474-4AEA-8535-FDFB48A2EC52}.Debug|Any CPU.ActiveCfg = Debug|Any CPU
		{CAFD6100-E474-4AEA-8535-FDFB48A2EC52}.Debug|Any CPU.Build.0 = Debug|Any CPU
		{CAFD6100-E474-4AEA-8535-FDFB48A2EC52}.Release|Any CPU.ActiveCfg = Release|Any CPU
		{CAFD6100-E474-4AEA-8535-FDFB48A2EC52}.Release|Any CPU.Build.0 = Release|Any CPU
	EndGlobalSection
	GlobalSection(SolutionProperties) = preSolution
		HideSolutionNode = FALSE
	EndGlobalSection
	GlobalSection(ExtensibilityGlobals) = postSolution
		SolutionGuid = {DB121BDA-A8B7-482E-8782-0DED211D1D40}
	EndGlobalSection
EndGlobal
