
Microsoft Visual Studio Solution File, Format Version 12.00
# Visual Studio Version 16
VisualStudioVersion = 16.0.31205.134
MinimumVisualStudioVersion = 10.0.40219.1
Project("{FAE04EC0-301F-11D3-BF4B-00C04F79EFBC}") = "WpfApp1", "WpfApp1.csproj", "{50B242E4-BE0C-444F-853A-748BDD00361E}"
EndProject
Global
	GlobalSection(SolutionConfigurationPlatforms) = preSolution
		Debug|Any CPU = Debug|Any CPU
		Release|Any CPU = Release|Any CPU
	EndGlobalSection
	GlobalSection(ProjectConfigurationPlatforms) = postSolution
		{50B242E4-BE0C-444F-853A-748BDD00361E}.Debug|Any CPU.ActiveCfg = Debug|Any CPU
		{50B242E4-BE0C-444F-853A-748BDD00361E}.Debug|Any CPU.Build.0 = Debug|Any CPU
		{50B242E4-BE0C-444F-853A-748BDD00361E}.Release|Any CPU.ActiveCfg = Release|Any CPU
		{50B242E4-BE0C-444F-853A-748BDD00361E}.Release|Any CPU.Build.0 = Release|Any CPU
	EndGlobalSection
	GlobalSection(SolutionProperties) = preSolution
		HideSolutionNode = FALSE
	EndGlobalSection
	GlobalSection(ExtensibilityGlobals) = postSolution
		SolutionGuid = {F63FB6D9-C5BE-4875-A28B-24E47E165295}
	EndGlobalSection
EndGlobal
