
Microsoft Visual Studio Solution File, Format Version 12.00
# Visual Studio Version 16
VisualStudioVersion = 16.0.31112.23
MinimumVisualStudioVersion = 10.0.40219.1
Project("{FAE04EC0-301F-11D3-BF4B-00C04F79EFBC}") = "WpfApp20210407_3", "WpfApp20210407_3.csproj", "{87CE0A13-6144-4DA9-A628-BAD41805CD58}"
EndProject
Global
	GlobalSection(SolutionConfigurationPlatforms) = preSolution
		Debug|Any CPU = Debug|Any CPU
		Release|Any CPU = Release|Any CPU
	EndGlobalSection
	GlobalSection(ProjectConfigurationPlatforms) = postSolution
		{87CE0A13-6144-4DA9-A628-BAD41805CD58}.Debug|Any CPU.ActiveCfg = Debug|Any CPU
		{87CE0A13-6144-4DA9-A628-BAD41805CD58}.Debug|Any CPU.Build.0 = Debug|Any CPU
		{87CE0A13-6144-4DA9-A628-BAD41805CD58}.Release|Any CPU.ActiveCfg = Release|Any CPU
		{87CE0A13-6144-4DA9-A628-BAD41805CD58}.Release|Any CPU.Build.0 = Release|Any CPU
	EndGlobalSection
	GlobalSection(SolutionProperties) = preSolution
		HideSolutionNode = FALSE
	EndGlobalSection
	GlobalSection(ExtensibilityGlobals) = postSolution
		SolutionGuid = {9E96D728-797F-4E41-8D54-824D68FF0076}
	EndGlobalSection
EndGlobal
