
Microsoft Visual Studio Solution File, Format Version 12.00
# Visual Studio Version 16
VisualStudioVersion = 16.0.31025.194
MinimumVisualStudioVersion = 10.0.40219.1
Project("{FAE04EC0-301F-11D3-BF4B-00C04F79EFBC}") = "ClassAndInstance", "liMengTie\ClassAndInstance\ClassAndInstance.csproj", "{A1FADA70-F5CF-4074-A49A-330FD4B9A603}"
EndProject
Project("{FAE04EC0-301F-11D3-BF4B-00C04F79EFBC}") = "PropertySample", "liMengTie\PropertySample\PropertySample.csproj", "{D04E8089-53D0-4B6E-8908-628D0CDD5547}"
EndProject
Project("{FAE04EC0-301F-11D3-BF4B-00C04F79EFBC}") = "EventSample", "liMengTie\EventSample\EventSample.csproj", "{A763060A-8191-4E59-8439-06934A19BED3}"
EndProject
Project("{2150E333-8FDC-42A3-9474-1A3956D46DE8}") = "NET5", "NET5", "{930A69FE-43FC-4387-AA48-0E5F4D393AC8}"
EndProject
Project("{9A19103F-16F7-4668-BE54-9A1E7A4F7556}") = "clock", "liMengTie\NET5\clock\clock.csproj", "{1951E8DA-FFFF-4407-B625-2E4A0BF47851}"
EndProject
Project("{9A19103F-16F7-4668-BE54-9A1E7A4F7556}") = "ConsoleApp1", "liMengTie\ConsoleApp1\ConsoleApp1.csproj", "{CF0AA721-BB29-4628-BBCE-F19923104E5E}"
EndProject
Project("{9A19103F-16F7-4668-BE54-9A1E7A4F7556}") = "TypeSampleNet5", "liMengTie\TypeSample\TypeSampleNet5.csproj", "{35D7FDF1-F221-4037-A81B-5AE8393C8287}"
EndProject
Project("{FAE04EC0-301F-11D3-BF4B-00C04F79EFBC}") = "TypeSample4.6", "liMengTie\TypeSample4.6\TypeSample4.6.csproj", "{CD0A0965-1AF1-49A8-926E-6395CCD68CE4}"
EndProject
Project("{8BC9CEB8-8B4A-11D0-8D11-00A0C91BC942}") = "CFun", "liMengTie\CFun\CFun.vcxproj", "{46DDF8C2-EC48-42D9-B938-08EB624E57D2}"
EndProject
Project("{8BC9CEB8-8B4A-11D0-8D11-00A0C91BC942}") = "CppFun", "liMengTie\CppFun\CppFun.vcxproj", "{51C58136-51C3-48EB-9DE0-B03D7BE377B2}"
EndProject
Project("{9A19103F-16F7-4668-BE54-9A1E7A4F7556}") = "CSharpFun", "liMengTie\CSharpFun\CSharpFun.csproj", "{19A0F55E-8AA3-4B76-9CAD-B70397A28341}"
EndProject
Project("{FAE04EC0-301F-11D3-BF4B-00C04F79EFBC}") = "OperatorsExample", "liMengTie\OperatorsExample\OperatorsExample.csproj", "{346DC33B-72AD-45DC-B070-9B8CF2424103}"
EndProject
Project("{FAE04EC0-301F-11D3-BF4B-00C04F79EFBC}") = "ConsoleApp4.6_", "liMengTie\ConsoleApp4.6_\ConsoleApp4.6_.csproj", "{D1D6067F-4B2C-4731-899D-F92690A36277}"
EndProject
Global
	GlobalSection(SolutionConfigurationPlatforms) = preSolution
		Debug|Any CPU = Debug|Any CPU
		Debug|x64 = Debug|x64
		Debug|x86 = Debug|x86
		Release|Any CPU = Release|Any CPU
		Release|x64 = Release|x64
		Release|x86 = Release|x86
	EndGlobalSection
	GlobalSection(ProjectConfigurationPlatforms) = postSolution
		{A1FADA70-F5CF-4074-A49A-330FD4B9A603}.Debug|Any CPU.ActiveCfg = Debug|Any CPU
		{A1FADA70-F5CF-4074-A49A-330FD4B9A603}.Debug|Any CPU.Build.0 = Debug|Any CPU
		{A1FADA70-F5CF-4074-A49A-330FD4B9A603}.Debug|x64.ActiveCfg = Debug|Any CPU
		{A1FADA70-F5CF-4074-A49A-330FD4B9A603}.Debug|x64.Build.0 = Debug|Any CPU
		{A1FADA70-F5CF-4074-A49A-330FD4B9A603}.Debug|x86.ActiveCfg = Debug|Any CPU
		{A1FADA70-F5CF-4074-A49A-330FD4B9A603}.Debug|x86.Build.0 = Debug|Any CPU
		{A1FADA70-F5CF-4074-A49A-330FD4B9A603}.Release|Any CPU.ActiveCfg = Release|Any CPU
		{A1FADA70-F5CF-4074-A49A-330FD4B9A603}.Release|Any CPU.Build.0 = Release|Any CPU
		{A1FADA70-F5CF-4074-A49A-330FD4B9A603}.Release|x64.ActiveCfg = Release|Any CPU
		{A1FADA70-F5CF-4074-A49A-330FD4B9A603}.Release|x64.Build.0 = Release|Any CPU
		{A1FADA70-F5CF-4074-A49A-330FD4B9A603}.Release|x86.ActiveCfg = Release|Any CPU
		{A1FADA70-F5CF-4074-A49A-330FD4B9A603}.Release|x86.Build.0 = Release|Any CPU
		{D04E8089-53D0-4B6E-8908-628D0CDD5547}.Debug|Any CPU.ActiveCfg = Debug|Any CPU
		{D04E8089-53D0-4B6E-8908-628D0CDD5547}.Debug|Any CPU.Build.0 = Debug|Any CPU
		{D04E8089-53D0-4B6E-8908-628D0CDD5547}.Debug|x64.ActiveCfg = Debug|Any CPU
		{D04E8089-53D0-4B6E-8908-628D0CDD5547}.Debug|x64.Build.0 = Debug|Any CPU
		{D04E8089-53D0-4B6E-8908-628D0CDD5547}.Debug|x86.ActiveCfg = Debug|Any CPU
		{D04E8089-53D0-4B6E-8908-628D0CDD5547}.Debug|x86.Build.0 = Debug|Any CPU
		{D04E8089-53D0-4B6E-8908-628D0CDD5547}.Release|Any CPU.ActiveCfg = Release|Any CPU
		{D04E8089-53D0-4B6E-8908-628D0CDD5547}.Release|Any CPU.Build.0 = Release|Any CPU
		{D04E8089-53D0-4B6E-8908-628D0CDD5547}.Release|x64.ActiveCfg = Release|Any CPU
		{D04E8089-53D0-4B6E-8908-628D0CDD5547}.Release|x64.Build.0 = Release|Any CPU
		{D04E8089-53D0-4B6E-8908-628D0CDD5547}.Release|x86.ActiveCfg = Release|Any CPU
		{D04E8089-53D0-4B6E-8908-628D0CDD5547}.Release|x86.Build.0 = Release|Any CPU
		{A763060A-8191-4E59-8439-06934A19BED3}.Debug|Any CPU.ActiveCfg = Debug|Any CPU
		{A763060A-8191-4E59-8439-06934A19BED3}.Debug|Any CPU.Build.0 = Debug|Any CPU
		{A763060A-8191-4E59-8439-06934A19BED3}.Debug|x64.ActiveCfg = Debug|Any CPU
		{A763060A-8191-4E59-8439-06934A19BED3}.Debug|x64.Build.0 = Debug|Any CPU
		{A763060A-8191-4E59-8439-06934A19BED3}.Debug|x86.ActiveCfg = Debug|Any CPU
		{A763060A-8191-4E59-8439-06934A19BED3}.Debug|x86.Build.0 = Debug|Any CPU
		{A763060A-8191-4E59-8439-06934A19BED3}.Release|Any CPU.ActiveCfg = Release|Any CPU
		{A763060A-8191-4E59-8439-06934A19BED3}.Release|Any CPU.Build.0 = Release|Any CPU
		{A763060A-8191-4E59-8439-06934A19BED3}.Release|x64.ActiveCfg = Release|Any CPU
		{A763060A-8191-4E59-8439-06934A19BED3}.Release|x64.Build.0 = Release|Any CPU
		{A763060A-8191-4E59-8439-06934A19BED3}.Release|x86.ActiveCfg = Release|Any CPU
		{A763060A-8191-4E59-8439-06934A19BED3}.Release|x86.Build.0 = Release|Any CPU
		{1951E8DA-FFFF-4407-B625-2E4A0BF47851}.Debug|Any CPU.ActiveCfg = Debug|Any CPU
		{1951E8DA-FFFF-4407-B625-2E4A0BF47851}.Debug|Any CPU.Build.0 = Debug|Any CPU
		{1951E8DA-FFFF-4407-B625-2E4A0BF47851}.Debug|x64.ActiveCfg = Debug|Any CPU
		{1951E8DA-FFFF-4407-B625-2E4A0BF47851}.Debug|x64.Build.0 = Debug|Any CPU
		{1951E8DA-FFFF-4407-B625-2E4A0BF47851}.Debug|x86.ActiveCfg = Debug|Any CPU
		{1951E8DA-FFFF-4407-B625-2E4A0BF47851}.Debug|x86.Build.0 = Debug|Any CPU
		{1951E8DA-FFFF-4407-B625-2E4A0BF47851}.Release|Any CPU.ActiveCfg = Release|Any CPU
		{1951E8DA-FFFF-4407-B625-2E4A0BF47851}.Release|Any CPU.Build.0 = Release|Any CPU
		{1951E8DA-FFFF-4407-B625-2E4A0BF47851}.Release|x64.ActiveCfg = Release|Any CPU
		{1951E8DA-FFFF-4407-B625-2E4A0BF47851}.Release|x64.Build.0 = Release|Any CPU
		{1951E8DA-FFFF-4407-B625-2E4A0BF47851}.Release|x86.ActiveCfg = Release|Any CPU
		{1951E8DA-FFFF-4407-B625-2E4A0BF47851}.Release|x86.Build.0 = Release|Any CPU
		{CF0AA721-BB29-4628-BBCE-F19923104E5E}.Debug|Any CPU.ActiveCfg = Debug|Any CPU
		{CF0AA721-BB29-4628-BBCE-F19923104E5E}.Debug|Any CPU.Build.0 = Debug|Any CPU
		{CF0AA721-BB29-4628-BBCE-F19923104E5E}.Debug|x64.ActiveCfg = Debug|Any CPU
		{CF0AA721-BB29-4628-BBCE-F19923104E5E}.Debug|x64.Build.0 = Debug|Any CPU
		{CF0AA721-BB29-4628-BBCE-F19923104E5E}.Debug|x86.ActiveCfg = Debug|Any CPU
		{CF0AA721-BB29-4628-BBCE-F19923104E5E}.Debug|x86.Build.0 = Debug|Any CPU
		{CF0AA721-BB29-4628-BBCE-F19923104E5E}.Release|Any CPU.ActiveCfg = Release|Any CPU
		{CF0AA721-BB29-4628-BBCE-F19923104E5E}.Release|Any CPU.Build.0 = Release|Any CPU
		{CF0AA721-BB29-4628-BBCE-F19923104E5E}.Release|x64.ActiveCfg = Release|Any CPU
		{CF0AA721-BB29-4628-BBCE-F19923104E5E}.Release|x64.Build.0 = Release|Any CPU
		{CF0AA721-BB29-4628-BBCE-F19923104E5E}.Release|x86.ActiveCfg = Release|Any CPU
		{CF0AA721-BB29-4628-BBCE-F19923104E5E}.Release|x86.Build.0 = Release|Any CPU
		{35D7FDF1-F221-4037-A81B-5AE8393C8287}.Debug|Any CPU.ActiveCfg = Debug|Any CPU
		{35D7FDF1-F221-4037-A81B-5AE8393C8287}.Debug|Any CPU.Build.0 = Debug|Any CPU
		{35D7FDF1-F221-4037-A81B-5AE8393C8287}.Debug|x64.ActiveCfg = Debug|Any CPU
		{35D7FDF1-F221-4037-A81B-5AE8393C8287}.Debug|x64.Build.0 = Debug|Any CPU
		{35D7FDF1-F221-4037-A81B-5AE8393C8287}.Debug|x86.ActiveCfg = Debug|Any CPU
		{35D7FDF1-F221-4037-A81B-5AE8393C8287}.Debug|x86.Build.0 = Debug|Any CPU
		{35D7FDF1-F221-4037-A81B-5AE8393C8287}.Release|Any CPU.ActiveCfg = Release|Any CPU
		{35D7FDF1-F221-4037-A81B-5AE8393C8287}.Release|Any CPU.Build.0 = Release|Any CPU
		{35D7FDF1-F221-4037-A81B-5AE8393C8287}.Release|x64.ActiveCfg = Release|Any CPU
		{35D7FDF1-F221-4037-A81B-5AE8393C8287}.Release|x64.Build.0 = Release|Any CPU
		{35D7FDF1-F221-4037-A81B-5AE8393C8287}.Release|x86.ActiveCfg = Release|Any CPU
		{35D7FDF1-F221-4037-A81B-5AE8393C8287}.Release|x86.Build.0 = Release|Any CPU
		{CD0A0965-1AF1-49A8-926E-6395CCD68CE4}.Debug|Any CPU.ActiveCfg = Debug|Any CPU
		{CD0A0965-1AF1-49A8-926E-6395CCD68CE4}.Debug|Any CPU.Build.0 = Debug|Any CPU
		{CD0A0965-1AF1-49A8-926E-6395CCD68CE4}.Debug|x64.ActiveCfg = Debug|Any CPU
		{CD0A0965-1AF1-49A8-926E-6395CCD68CE4}.Debug|x64.Build.0 = Debug|Any CPU
		{CD0A0965-1AF1-49A8-926E-6395CCD68CE4}.Debug|x86.ActiveCfg = Debug|Any CPU
		{CD0A0965-1AF1-49A8-926E-6395CCD68CE4}.Debug|x86.Build.0 = Debug|Any CPU
		{CD0A0965-1AF1-49A8-926E-6395CCD68CE4}.Release|Any CPU.ActiveCfg = Release|Any CPU
		{CD0A0965-1AF1-49A8-926E-6395CCD68CE4}.Release|Any CPU.Build.0 = Release|Any CPU
		{CD0A0965-1AF1-49A8-926E-6395CCD68CE4}.Release|x64.ActiveCfg = Release|Any CPU
		{CD0A0965-1AF1-49A8-926E-6395CCD68CE4}.Release|x64.Build.0 = Release|Any CPU
		{CD0A0965-1AF1-49A8-926E-6395CCD68CE4}.Release|x86.ActiveCfg = Release|Any CPU
		{CD0A0965-1AF1-49A8-926E-6395CCD68CE4}.Release|x86.Build.0 = Release|Any CPU
		{46DDF8C2-EC48-42D9-B938-08EB624E57D2}.Debug|Any CPU.ActiveCfg = Debug|Win32
		{46DDF8C2-EC48-42D9-B938-08EB624E57D2}.Debug|x64.ActiveCfg = Debug|x64
		{46DDF8C2-EC48-42D9-B938-08EB624E57D2}.Debug|x64.Build.0 = Debug|x64
		{46DDF8C2-EC48-42D9-B938-08EB624E57D2}.Debug|x86.ActiveCfg = Debug|Win32
		{46DDF8C2-EC48-42D9-B938-08EB624E57D2}.Debug|x86.Build.0 = Debug|Win32
		{46DDF8C2-EC48-42D9-B938-08EB624E57D2}.Release|Any CPU.ActiveCfg = Release|Win32
		{46DDF8C2-EC48-42D9-B938-08EB624E57D2}.Release|x64.ActiveCfg = Release|x64
		{46DDF8C2-EC48-42D9-B938-08EB624E57D2}.Release|x64.Build.0 = Release|x64
		{46DDF8C2-EC48-42D9-B938-08EB624E57D2}.Release|x86.ActiveCfg = Release|Win32
		{46DDF8C2-EC48-42D9-B938-08EB624E57D2}.Release|x86.Build.0 = Release|Win32
		{51C58136-51C3-48EB-9DE0-B03D7BE377B2}.Debug|Any CPU.ActiveCfg = Debug|Win32
		{51C58136-51C3-48EB-9DE0-B03D7BE377B2}.Debug|x64.ActiveCfg = Debug|x64
		{51C58136-51C3-48EB-9DE0-B03D7BE377B2}.Debug|x64.Build.0 = Debug|x64
		{51C58136-51C3-48EB-9DE0-B03D7BE377B2}.Debug|x86.ActiveCfg = Debug|Win32
		{51C58136-51C3-48EB-9DE0-B03D7BE377B2}.Debug|x86.Build.0 = Debug|Win32
		{51C58136-51C3-48EB-9DE0-B03D7BE377B2}.Release|Any CPU.ActiveCfg = Release|Win32
		{51C58136-51C3-48EB-9DE0-B03D7BE377B2}.Release|x64.ActiveCfg = Release|x64
		{51C58136-51C3-48EB-9DE0-B03D7BE377B2}.Release|x64.Build.0 = Release|x64
		{51C58136-51C3-48EB-9DE0-B03D7BE377B2}.Release|x86.ActiveCfg = Release|Win32
		{51C58136-51C3-48EB-9DE0-B03D7BE377B2}.Release|x86.Build.0 = Release|Win32
		{19A0F55E-8AA3-4B76-9CAD-B70397A28341}.Debug|Any CPU.ActiveCfg = Debug|Any CPU
		{19A0F55E-8AA3-4B76-9CAD-B70397A28341}.Debug|Any CPU.Build.0 = Debug|Any CPU
		{19A0F55E-8AA3-4B76-9CAD-B70397A28341}.Debug|x64.ActiveCfg = Debug|Any CPU
		{19A0F55E-8AA3-4B76-9CAD-B70397A28341}.Debug|x64.Build.0 = Debug|Any CPU
		{19A0F55E-8AA3-4B76-9CAD-B70397A28341}.Debug|x86.ActiveCfg = Debug|Any CPU
		{19A0F55E-8AA3-4B76-9CAD-B70397A28341}.Debug|x86.Build.0 = Debug|Any CPU
		{19A0F55E-8AA3-4B76-9CAD-B70397A28341}.Release|Any CPU.ActiveCfg = Release|Any CPU
		{19A0F55E-8AA3-4B76-9CAD-B70397A28341}.Release|Any CPU.Build.0 = Release|Any CPU
		{19A0F55E-8AA3-4B76-9CAD-B70397A28341}.Release|x64.ActiveCfg = Release|Any CPU
		{19A0F55E-8AA3-4B76-9CAD-B70397A28341}.Release|x64.Build.0 = Release|Any CPU
		{19A0F55E-8AA3-4B76-9CAD-B70397A28341}.Release|x86.ActiveCfg = Release|Any CPU
		{19A0F55E-8AA3-4B76-9CAD-B70397A28341}.Release|x86.Build.0 = Release|Any CPU
		{346DC33B-72AD-45DC-B070-9B8CF2424103}.Debug|Any CPU.ActiveCfg = Debug|Any CPU
		{346DC33B-72AD-45DC-B070-9B8CF2424103}.Debug|Any CPU.Build.0 = Debug|Any CPU
		{346DC33B-72AD-45DC-B070-9B8CF2424103}.Debug|x64.ActiveCfg = Debug|Any CPU
		{346DC33B-72AD-45DC-B070-9B8CF2424103}.Debug|x64.Build.0 = Debug|Any CPU
		{346DC33B-72AD-45DC-B070-9B8CF2424103}.Debug|x86.ActiveCfg = Debug|Any CPU
		{346DC33B-72AD-45DC-B070-9B8CF2424103}.Debug|x86.Build.0 = Debug|Any CPU
		{346DC33B-72AD-45DC-B070-9B8CF2424103}.Release|Any CPU.ActiveCfg = Release|Any CPU
		{346DC33B-72AD-45DC-B070-9B8CF2424103}.Release|Any CPU.Build.0 = Release|Any CPU
		{346DC33B-72AD-45DC-B070-9B8CF2424103}.Release|x64.ActiveCfg = Release|Any CPU
		{346DC33B-72AD-45DC-B070-9B8CF2424103}.Release|x64.Build.0 = Release|Any CPU
		{346DC33B-72AD-45DC-B070-9B8CF2424103}.Release|x86.ActiveCfg = Release|Any CPU
		{346DC33B-72AD-45DC-B070-9B8CF2424103}.Release|x86.Build.0 = Release|Any CPU
		{D1D6067F-4B2C-4731-899D-F92690A36277}.Debug|Any CPU.ActiveCfg = Debug|Any CPU
		{D1D6067F-4B2C-4731-899D-F92690A36277}.Debug|Any CPU.Build.0 = Debug|Any CPU
		{D1D6067F-4B2C-4731-899D-F92690A36277}.Debug|x64.ActiveCfg = Debug|Any CPU
		{D1D6067F-4B2C-4731-899D-F92690A36277}.Debug|x64.Build.0 = Debug|Any CPU
		{D1D6067F-4B2C-4731-899D-F92690A36277}.Debug|x86.ActiveCfg = Debug|Any CPU
		{D1D6067F-4B2C-4731-899D-F92690A36277}.Debug|x86.Build.0 = Debug|Any CPU
		{D1D6067F-4B2C-4731-899D-F92690A36277}.Release|Any CPU.ActiveCfg = Release|Any CPU
		{D1D6067F-4B2C-4731-899D-F92690A36277}.Release|Any CPU.Build.0 = Release|Any CPU
		{D1D6067F-4B2C-4731-899D-F92690A36277}.Release|x64.ActiveCfg = Release|Any CPU
		{D1D6067F-4B2C-4731-899D-F92690A36277}.Release|x64.Build.0 = Release|Any CPU
		{D1D6067F-4B2C-4731-899D-F92690A36277}.Release|x86.ActiveCfg = Release|Any CPU
		{D1D6067F-4B2C-4731-899D-F92690A36277}.Release|x86.Build.0 = Release|Any CPU
	EndGlobalSection
	GlobalSection(SolutionProperties) = preSolution
		HideSolutionNode = FALSE
	EndGlobalSection
	GlobalSection(NestedProjects) = preSolution
		{1951E8DA-FFFF-4407-B625-2E4A0BF47851} = {930A69FE-43FC-4387-AA48-0E5F4D393AC8}
		{35D7FDF1-F221-4037-A81B-5AE8393C8287} = {930A69FE-43FC-4387-AA48-0E5F4D393AC8}
	EndGlobalSection
	GlobalSection(ExtensibilityGlobals) = postSolution
		SolutionGuid = {624CA273-18A5-47BD-926F-63109936AC51}
	EndGlobalSection
EndGlobal
