
Microsoft Visual Studio Solution File, Format Version 12.00
# Visual Studio Version 16
VisualStudioVersion = 16.0.31313.79
MinimumVisualStudioVersion = 10.0.40219.1
Project("{FAE04EC0-301F-11D3-BF4B-00C04F79EFBC}") = "ConsoleApp1", "ConsoleApp1.csproj", "{F89CC6C1-CD6B-483F-A4D2-9B7D22D0475E}"
EndProject
Global
	GlobalSection(SolutionConfigurationPlatforms) = preSolution
		Debug|Any CPU = Debug|Any CPU
		Release|Any CPU = Release|Any CPU
	EndGlobalSection
	GlobalSection(ProjectConfigurationPlatforms) = postSolution
		{F89CC6C1-CD6B-483F-A4D2-9B7D22D0475E}.Debug|Any CPU.ActiveCfg = Debug|Any CPU
		{F89CC6C1-CD6B-483F-A4D2-9B7D22D0475E}.Debug|Any CPU.Build.0 = Debug|Any CPU
		{F89CC6C1-CD6B-483F-A4D2-9B7D22D0475E}.Release|Any CPU.ActiveCfg = Release|Any CPU
		{F89CC6C1-CD6B-483F-A4D2-9B7D22D0475E}.Release|Any CPU.Build.0 = Release|Any CPU
	EndGlobalSection
	GlobalSection(SolutionProperties) = preSolution
		HideSolutionNode = FALSE
	EndGlobalSection
	GlobalSection(ExtensibilityGlobals) = postSolution
		SolutionGuid = {DF831F05-1539-4C5D-BF2C-497F8512DAC4}
	EndGlobalSection
EndGlobal
