
Microsoft Visual Studio Solution File, Format Version 12.00
# Visual Studio Version 16
VisualStudioVersion = 16.0.31112.23
MinimumVisualStudioVersion = 10.0.40219.1
Project("{FAE04EC0-301F-11D3-BF4B-00C04F79EFBC}") = "WpfApp20210407", "WpfApp20210407.csproj", "{0E06A21B-3926-4D36-8653-E13E414B8634}"
EndProject
Global
	GlobalSection(SolutionConfigurationPlatforms) = preSolution
		Debug|Any CPU = Debug|Any CPU
		Release|Any CPU = Release|Any CPU
	EndGlobalSection
	GlobalSection(ProjectConfigurationPlatforms) = postSolution
		{0E06A21B-3926-4D36-8653-E13E414B8634}.Debug|Any CPU.ActiveCfg = Debug|Any CPU
		{0E06A21B-3926-4D36-8653-E13E414B8634}.Debug|Any CPU.Build.0 = Debug|Any CPU
		{0E06A21B-3926-4D36-8653-E13E414B8634}.Release|Any CPU.ActiveCfg = Release|Any CPU
		{0E06A21B-3926-4D36-8653-E13E414B8634}.Release|Any CPU.Build.0 = Release|Any CPU
	EndGlobalSection
	GlobalSection(SolutionProperties) = preSolution
		HideSolutionNode = FALSE
	EndGlobalSection
	GlobalSection(ExtensibilityGlobals) = postSolution
		SolutionGuid = {837C8F64-D81E-4581-BCAD-90433DC3F729}
	EndGlobalSection
EndGlobal
